
Microsoft Visual Studio Solution File, Format Version 12.00
# Visual Studio Version 16
VisualStudioVersion = 16.0.31702.278
MinimumVisualStudioVersion = 10.0.40219.1
Project("{FAE04EC0-301F-11D3-BF4B-00C04F79EFBC}") = "Lab6_WpfApp", "Lab6_WpfApp\Lab6_WpfApp.csproj", "{28B6B4AD-581D-4E5B-B9CD-97E59533766C}"
EndProject
Global
	GlobalSection(SolutionConfigurationPlatforms) = preSolution
		Debug|Any CPU = Debug|Any CPU
		Release|Any CPU = Release|Any CPU
	EndGlobalSection
	GlobalSection(ProjectConfigurationPlatforms) = postSolution
		{28B6B4AD-581D-4E5B-B9CD-97E59533766C}.Debug|Any CPU.ActiveCfg = Debug|Any CPU
		{28B6B4AD-581D-4E5B-B9CD-97E59533766C}.Debug|Any CPU.Build.0 = Debug|Any CPU
		{28B6B4AD-581D-4E5B-B9CD-97E59533766C}.Release|Any CPU.ActiveCfg = Release|Any CPU
		{28B6B4AD-581D-4E5B-B9CD-97E59533766C}.Release|Any CPU.Build.0 = Release|Any CPU
	EndGlobalSection
	GlobalSection(SolutionProperties) = preSolution
		HideSolutionNode = FALSE
	EndGlobalSection
	GlobalSection(ExtensibilityGlobals) = postSolution
		SolutionGuid = {25CA49D5-C115-420F-BC79-05CB1E70833E}
	EndGlobalSection
EndGlobal
